
Microsoft Visual Studio Solution File, Format Version 12.00
# Visual Studio Version 16
VisualStudioVersion = 16.0.29306.81
MinimumVisualStudioVersion = 10.0.40219.1
Project("{FAE04EC0-301F-11D3-BF4B-00C04F79EFBC}") = "Sublinerea unui text cand punem cursorul pe el", "Sublinerea unui text cand punem cursorul pe el.csproj", "{388EE2F7-B97B-47C1-88B8-465B15875565}"
EndProject
Global
	GlobalSection(SolutionConfigurationPlatforms) = preSolution
		Debug|Any CPU = Debug|Any CPU
		Release|Any CPU = Release|Any CPU
	EndGlobalSection
	GlobalSection(ProjectConfigurationPlatforms) = postSolution
		{388EE2F7-B97B-47C1-88B8-465B15875565}.Debug|Any CPU.ActiveCfg = Debug|Any CPU
		{388EE2F7-B97B-47C1-88B8-465B15875565}.Debug|Any CPU.Build.0 = Debug|Any CPU
		{388EE2F7-B97B-47C1-88B8-465B15875565}.Release|Any CPU.ActiveCfg = Release|Any CPU
		{388EE2F7-B97B-47C1-88B8-465B15875565}.Release|Any CPU.Build.0 = Release|Any CPU
	EndGlobalSection
	GlobalSection(SolutionProperties) = preSolution
		HideSolutionNode = FALSE
	EndGlobalSection
	GlobalSection(ExtensibilityGlobals) = postSolution
		SolutionGuid = {8B4FE5FC-95C4-4B1D-88EB-3DB11B864A74}
	EndGlobalSection
EndGlobal
